{
  "name": "sample-project",
  "lockfileVersion": 3,
  "packages": {
    "": {
      "name": "sample-project",
      "dependencies": {
        "@redhat-cloud-services/frontend-components": "1.2.3"
      }
    },
    "node_modules/@redhat-cloud-services/frontend-components": {
      "version": "1.2.3"
    }
  }
}
